
Microsoft Visual Studio Solution File, Format Version 12.00
# Visual Studio Version 16
VisualStudioVersion = 16.0.810.8
MinimumVisualStudioVersion = 10.0.40219.1
Project("{FAE04EC0-301F-11D3-BF4B-00C04F79EFBC}") = "automailsorter", "automailsorter\automailsorter.csproj", "{A0C2DB51-DAAB-405C-95FC-74BFF8232B2B}"
EndProject
Global
	GlobalSection(SolutionConfigurationPlatforms) = preSolution
		Debug|Any CPU = Debug|Any CPU
		Release|Any CPU = Release|Any CPU
	EndGlobalSection
	GlobalSection(ProjectConfigurationPlatforms) = postSolution
		{A0C2DB51-DAAB-405C-95FC-74BFF8232B2B}.Debug|Any CPU.ActiveCfg = Debug|Any CPU
		{A0C2DB51-DAAB-405C-95FC-74BFF8232B2B}.Debug|Any CPU.Build.0 = Debug|Any CPU
		{A0C2DB51-DAAB-405C-95FC-74BFF8232B2B}.Release|Any CPU.ActiveCfg = Release|Any CPU
		{A0C2DB51-DAAB-405C-95FC-74BFF8232B2B}.Release|Any CPU.Build.0 = Release|Any CPU
	EndGlobalSection
	GlobalSection(SolutionProperties) = preSolution
		HideSolutionNode = FALSE
	EndGlobalSection
	GlobalSection(ExtensibilityGlobals) = postSolution
		SolutionGuid = {A2722A8A-7A2E-4A7E-868C-84E237368CCA}
	EndGlobalSection
EndGlobal
