
Microsoft Visual Studio Solution File, Format Version 12.00
# Visual Studio Version 16
VisualStudioVersion = 16.0.810.8
MinimumVisualStudioVersion = 10.0.40219.1
Project("{9A19103F-16F7-4668-BE54-9A1E7A4F7556}") = "automailsorter", "automailsorter\automailsorter.csproj", "{A0C2DB51-DAAB-405C-95FC-74BFF8232B2B}"
EndProject
Project("{9A19103F-16F7-4668-BE54-9A1E7A4F7556}") = "automailsorter.models", "automailsorter.models\automailsorter.models.csproj", "{1B110D2A-1B59-46A6-9F00-5AF1E8898424}"
EndProject
Project("{9A19103F-16F7-4668-BE54-9A1E7A4F7556}") = "automailsorter.services", "automailsorter.services\automailsorter.services.csproj", "{5D2EC506-73FB-4886-9F50-574F9CAC71B1}"
EndProject
Project("{FAE04EC0-301F-11D3-BF4B-00C04F79EFBC}") = "automailsorter.logic", "automailsorter.logic\automailsorter.logic.csproj", "{778D1231-20D7-4FAD-984D-D7E7765F1B1F}"
EndProject
Global
	GlobalSection(SolutionConfigurationPlatforms) = preSolution
		Debug|Any CPU = Debug|Any CPU
		Release|Any CPU = Release|Any CPU
	EndGlobalSection
	GlobalSection(ProjectConfigurationPlatforms) = postSolution
		{A0C2DB51-DAAB-405C-95FC-74BFF8232B2B}.Debug|Any CPU.ActiveCfg = Debug|Any CPU
		{A0C2DB51-DAAB-405C-95FC-74BFF8232B2B}.Debug|Any CPU.Build.0 = Debug|Any CPU
		{A0C2DB51-DAAB-405C-95FC-74BFF8232B2B}.Release|Any CPU.ActiveCfg = Release|Any CPU
		{A0C2DB51-DAAB-405C-95FC-74BFF8232B2B}.Release|Any CPU.Build.0 = Release|Any CPU
		{1B110D2A-1B59-46A6-9F00-5AF1E8898424}.Debug|Any CPU.ActiveCfg = Debug|Any CPU
		{1B110D2A-1B59-46A6-9F00-5AF1E8898424}.Debug|Any CPU.Build.0 = Debug|Any CPU
		{1B110D2A-1B59-46A6-9F00-5AF1E8898424}.Release|Any CPU.ActiveCfg = Release|Any CPU
		{1B110D2A-1B59-46A6-9F00-5AF1E8898424}.Release|Any CPU.Build.0 = Release|Any CPU
		{5D2EC506-73FB-4886-9F50-574F9CAC71B1}.Debug|Any CPU.ActiveCfg = Debug|Any CPU
		{5D2EC506-73FB-4886-9F50-574F9CAC71B1}.Debug|Any CPU.Build.0 = Debug|Any CPU
		{5D2EC506-73FB-4886-9F50-574F9CAC71B1}.Release|Any CPU.ActiveCfg = Release|Any CPU
		{5D2EC506-73FB-4886-9F50-574F9CAC71B1}.Release|Any CPU.Build.0 = Release|Any CPU
		{778D1231-20D7-4FAD-984D-D7E7765F1B1F}.Debug|Any CPU.ActiveCfg = Debug|Any CPU
		{778D1231-20D7-4FAD-984D-D7E7765F1B1F}.Debug|Any CPU.Build.0 = Debug|Any CPU
		{778D1231-20D7-4FAD-984D-D7E7765F1B1F}.Release|Any CPU.ActiveCfg = Release|Any CPU
		{778D1231-20D7-4FAD-984D-D7E7765F1B1F}.Release|Any CPU.Build.0 = Release|Any CPU
	EndGlobalSection
	GlobalSection(SolutionProperties) = preSolution
		HideSolutionNode = FALSE
	EndGlobalSection
	GlobalSection(ExtensibilityGlobals) = postSolution
		SolutionGuid = {A2722A8A-7A2E-4A7E-868C-84E237368CCA}
	EndGlobalSection
EndGlobal
